Microsoft Visual Studio Solution File, Format Version 12.00
# Visual Studio 15
VisualStudioVersion = 15.0.26403.7
MinimumVisualStudioVersion = 15.0.26124.0
Project("{FAE04EC0-301F-11D3-BF4B-00C04F79EFBC}") = "TM.Data", "TM.Data\TM.Data.csproj", "{2F6FB16E-14F3-428D-A032-0EE42AB6B038}"
EndProject
Project("{FAE04EC0-301F-11D3-BF4B-00C04F79EFBC}") = "TM.Repository", "TM.Repository\TM.Repository.csproj", "{C4470EFE-ED9A-413C-9865-B3896ED4EAD9}"
EndProject
Project("{FAE04EC0-301F-11D3-BF4B-00C04F79EFBC}") = "TM.API", "TM.API\TM.API.csproj", "{D6440303-D445-4108-8198-C63BA5C53EB6}"
EndProject
Global
	GlobalSection(SolutionConfigurationPlatforms) = preSolution
		Debug|Any CPU = Debug|Any CPU
		Release|Any CPU = Release|Any CPU
		Debug|x64 = Debug|x64
		Debug|x86 = Debug|x86
		Release|x64 = Release|x64
		Release|x86 = Release|x86
	EndGlobalSection
	GlobalSection(ProjectConfigurationPlatforms) = postSolution
		{2F6FB16E-14F3-428D-A032-0EE42AB6B038}.Debug|Any CPU.ActiveCfg = Debug|Any CPU
		{2F6FB16E-14F3-428D-A032-0EE42AB6B038}.Debug|Any CPU.Build.0 = Debug|Any CPU
		{2F6FB16E-14F3-428D-A032-0EE42AB6B038}.Release|Any CPU.ActiveCfg = Release|Any CPU
		{2F6FB16E-14F3-428D-A032-0EE42AB6B038}.Release|Any CPU.Build.0 = Release|Any CPU
		{C4470EFE-ED9A-413C-9865-B3896ED4EAD9}.Debug|Any CPU.ActiveCfg = Debug|Any CPU
		{C4470EFE-ED9A-413C-9865-B3896ED4EAD9}.Debug|Any CPU.Build.0 = Debug|Any CPU
		{C4470EFE-ED9A-413C-9865-B3896ED4EAD9}.Debug|x64.ActiveCfg = Debug|x64
		{C4470EFE-ED9A-413C-9865-B3896ED4EAD9}.Debug|x64.Build.0 = Debug|x64
		{C4470EFE-ED9A-413C-9865-B3896ED4EAD9}.Debug|x86.ActiveCfg = Debug|x86
		{C4470EFE-ED9A-413C-9865-B3896ED4EAD9}.Debug|x86.Build.0 = Debug|x86
		{C4470EFE-ED9A-413C-9865-B3896ED4EAD9}.Release|Any CPU.ActiveCfg = Release|Any CPU
		{C4470EFE-ED9A-413C-9865-B3896ED4EAD9}.Release|Any CPU.Build.0 = Release|Any CPU
		{C4470EFE-ED9A-413C-9865-B3896ED4EAD9}.Release|x64.ActiveCfg = Release|x64
		{C4470EFE-ED9A-413C-9865-B3896ED4EAD9}.Release|x64.Build.0 = Release|x64
		{C4470EFE-ED9A-413C-9865-B3896ED4EAD9}.Release|x86.ActiveCfg = Release|x86
		{C4470EFE-ED9A-413C-9865-B3896ED4EAD9}.Release|x86.Build.0 = Release|x86
		{D6440303-D445-4108-8198-C63BA5C53EB6}.Debug|Any CPU.ActiveCfg = Debug|Any CPU
		{D6440303-D445-4108-8198-C63BA5C53EB6}.Debug|Any CPU.Build.0 = Debug|Any CPU
		{D6440303-D445-4108-8198-C63BA5C53EB6}.Debug|x64.ActiveCfg = Debug|x64
		{D6440303-D445-4108-8198-C63BA5C53EB6}.Debug|x64.Build.0 = Debug|x64
		{D6440303-D445-4108-8198-C63BA5C53EB6}.Debug|x86.ActiveCfg = Debug|x86
		{D6440303-D445-4108-8198-C63BA5C53EB6}.Debug|x86.Build.0 = Debug|x86
		{D6440303-D445-4108-8198-C63BA5C53EB6}.Release|Any CPU.ActiveCfg = Release|Any CPU
		{D6440303-D445-4108-8198-C63BA5C53EB6}.Release|Any CPU.Build.0 = Release|Any CPU
		{D6440303-D445-4108-8198-C63BA5C53EB6}.Release|x64.ActiveCfg = Release|x64
		{D6440303-D445-4108-8198-C63BA5C53EB6}.Release|x64.Build.0 = Release|x64
		{D6440303-D445-4108-8198-C63BA5C53EB6}.Release|x86.ActiveCfg = Release|x86
		{D6440303-D445-4108-8198-C63BA5C53EB6}.Release|x86.Build.0 = Release|x86
	EndGlobalSection
	GlobalSection(SolutionProperties) = preSolution
		HideSolutionNode = FALSE
	EndGlobalSection
EndGlobal
